
Microsoft Visual Studio Solution File, Format Version 12.00
# Visual Studio 15
VisualStudioVersion = 15.0.28307.572
MinimumVisualStudioVersion = 10.0.40219.1
Project("{FAE04EC0-301F-11D3-BF4B-00C04F79EFBC}") = "PC Pay", "PC Pay\PC Pay.csproj", "{46B7D634-1167-4AD6-A5B5-6B1F3C1E3A12}"
EndProject
Project("{FAE04EC0-301F-11D3-BF4B-00C04F79EFBC}") = "DataAccessLibrary", "DataAccessLibrary\DataAccessLibrary.csproj", "{5095F869-A7E5-407C-8D9C-FB54081B7006}"
EndProject
Project("{FAE04EC0-301F-11D3-BF4B-00C04F79EFBC}") = "UPI", "UPI\UPI.csproj", "{8A36C7B5-AA28-405C-AB44-C7A633B70B3C}"
EndProject
Project("{FAE04EC0-301F-11D3-BF4B-00C04F79EFBC}") = "UpiApi", "UpiApi\UpiApi.csproj", "{5AB9F0CC-3A85-42D5-971C-05DE6300E4BE}"
EndProject
Global
	GlobalSection(SolutionConfigurationPlatforms) = preSolution
		Debug|Any CPU = Debug|Any CPU
		Debug|ARM = Debug|ARM
		Debug|ARM64 = Debug|ARM64
		Debug|x64 = Debug|x64
		Debug|x86 = Debug|x86
		Release|Any CPU = Release|Any CPU
		Release|ARM = Release|ARM
		Release|ARM64 = Release|ARM64
		Release|x64 = Release|x64
		Release|x86 = Release|x86
	EndGlobalSection
	GlobalSection(ProjectConfigurationPlatforms) = postSolution
		{46B7D634-1167-4AD6-A5B5-6B1F3C1E3A12}.Debug|Any CPU.ActiveCfg = Debug|x86
		{46B7D634-1167-4AD6-A5B5-6B1F3C1E3A12}.Debug|ARM.ActiveCfg = Debug|ARM
		{46B7D634-1167-4AD6-A5B5-6B1F3C1E3A12}.Debug|ARM.Build.0 = Debug|ARM
		{46B7D634-1167-4AD6-A5B5-6B1F3C1E3A12}.Debug|ARM.Deploy.0 = Debug|ARM
		{46B7D634-1167-4AD6-A5B5-6B1F3C1E3A12}.Debug|ARM64.ActiveCfg = Debug|ARM64
		{46B7D634-1167-4AD6-A5B5-6B1F3C1E3A12}.Debug|ARM64.Build.0 = Debug|ARM64
		{46B7D634-1167-4AD6-A5B5-6B1F3C1E3A12}.Debug|ARM64.Deploy.0 = Debug|ARM64
		{46B7D634-1167-4AD6-A5B5-6B1F3C1E3A12}.Debug|x64.ActiveCfg = Debug|x64
		{46B7D634-1167-4AD6-A5B5-6B1F3C1E3A12}.Debug|x64.Build.0 = Debug|x64
		{46B7D634-1167-4AD6-A5B5-6B1F3C1E3A12}.Debug|x64.Deploy.0 = Debug|x64
		{46B7D634-1167-4AD6-A5B5-6B1F3C1E3A12}.Debug|x86.ActiveCfg = Debug|x86
		{46B7D634-1167-4AD6-A5B5-6B1F3C1E3A12}.Debug|x86.Build.0 = Debug|x86
		{46B7D634-1167-4AD6-A5B5-6B1F3C1E3A12}.Debug|x86.Deploy.0 = Debug|x86
		{46B7D634-1167-4AD6-A5B5-6B1F3C1E3A12}.Release|Any CPU.ActiveCfg = Release|x86
		{46B7D634-1167-4AD6-A5B5-6B1F3C1E3A12}.Release|ARM.ActiveCfg = Release|ARM
		{46B7D634-1167-4AD6-A5B5-6B1F3C1E3A12}.Release|ARM.Build.0 = Release|ARM
		{46B7D634-1167-4AD6-A5B5-6B1F3C1E3A12}.Release|ARM.Deploy.0 = Release|ARM
		{46B7D634-1167-4AD6-A5B5-6B1F3C1E3A12}.Release|ARM64.ActiveCfg = Release|ARM64
		{46B7D634-1167-4AD6-A5B5-6B1F3C1E3A12}.Release|ARM64.Build.0 = Release|ARM64
		{46B7D634-1167-4AD6-A5B5-6B1F3C1E3A12}.Release|ARM64.Deploy.0 = Release|ARM64
		{46B7D634-1167-4AD6-A5B5-6B1F3C1E3A12}.Release|x64.ActiveCfg = Release|x64
		{46B7D634-1167-4AD6-A5B5-6B1F3C1E3A12}.Release|x64.Build.0 = Release|x64
		{46B7D634-1167-4AD6-A5B5-6B1F3C1E3A12}.Release|x64.Deploy.0 = Release|x64
		{46B7D634-1167-4AD6-A5B5-6B1F3C1E3A12}.Release|x86.ActiveCfg = Release|x86
		{46B7D634-1167-4AD6-A5B5-6B1F3C1E3A12}.Release|x86.Build.0 = Release|x86
		{46B7D634-1167-4AD6-A5B5-6B1F3C1E3A12}.Release|x86.Deploy.0 = Release|x86
		{5095F869-A7E5-407C-8D9C-FB54081B7006}.Debug|Any CPU.ActiveCfg = Debug|Any CPU
		{5095F869-A7E5-407C-8D9C-FB54081B7006}.Debug|Any CPU.Build.0 = Debug|Any CPU
		{5095F869-A7E5-407C-8D9C-FB54081B7006}.Debug|ARM.ActiveCfg = Debug|ARM
		{5095F869-A7E5-407C-8D9C-FB54081B7006}.Debug|ARM.Build.0 = Debug|ARM
		{5095F869-A7E5-407C-8D9C-FB54081B7006}.Debug|ARM64.ActiveCfg = Debug|ARM64
		{5095F869-A7E5-407C-8D9C-FB54081B7006}.Debug|ARM64.Build.0 = Debug|ARM64
		{5095F869-A7E5-407C-8D9C-FB54081B7006}.Debug|x64.ActiveCfg = Debug|x64
		{5095F869-A7E5-407C-8D9C-FB54081B7006}.Debug|x64.Build.0 = Debug|x64
		{5095F869-A7E5-407C-8D9C-FB54081B7006}.Debug|x86.ActiveCfg = Debug|x86
		{5095F869-A7E5-407C-8D9C-FB54081B7006}.Debug|x86.Build.0 = Debug|x86
		{5095F869-A7E5-407C-8D9C-FB54081B7006}.Release|Any CPU.ActiveCfg = Release|Any CPU
		{5095F869-A7E5-407C-8D9C-FB54081B7006}.Release|Any CPU.Build.0 = Release|Any CPU
		{5095F869-A7E5-407C-8D9C-FB54081B7006}.Release|ARM.ActiveCfg = Release|ARM
		{5095F869-A7E5-407C-8D9C-FB54081B7006}.Release|ARM.Build.0 = Release|ARM
		{5095F869-A7E5-407C-8D9C-FB54081B7006}.Release|ARM64.ActiveCfg = Release|ARM64
		{5095F869-A7E5-407C-8D9C-FB54081B7006}.Release|ARM64.Build.0 = Release|ARM64
		{5095F869-A7E5-407C-8D9C-FB54081B7006}.Release|x64.ActiveCfg = Release|x64
		{5095F869-A7E5-407C-8D9C-FB54081B7006}.Release|x64.Build.0 = Release|x64
		{5095F869-A7E5-407C-8D9C-FB54081B7006}.Release|x86.ActiveCfg = Release|x86
		{5095F869-A7E5-407C-8D9C-FB54081B7006}.Release|x86.Build.0 = Release|x86
		{8A36C7B5-AA28-405C-AB44-C7A633B70B3C}.Debug|Any CPU.ActiveCfg = Debug|Any CPU
		{8A36C7B5-AA28-405C-AB44-C7A633B70B3C}.Debug|Any CPU.Build.0 = Debug|Any CPU
		{8A36C7B5-AA28-405C-AB44-C7A633B70B3C}.Debug|ARM.ActiveCfg = Debug|ARM
		{8A36C7B5-AA28-405C-AB44-C7A633B70B3C}.Debug|ARM.Build.0 = Debug|ARM
		{8A36C7B5-AA28-405C-AB44-C7A633B70B3C}.Debug|ARM64.ActiveCfg = Debug|ARM64
		{8A36C7B5-AA28-405C-AB44-C7A633B70B3C}.Debug|ARM64.Build.0 = Debug|ARM64
		{8A36C7B5-AA28-405C-AB44-C7A633B70B3C}.Debug|x64.ActiveCfg = Debug|x64
		{8A36C7B5-AA28-405C-AB44-C7A633B70B3C}.Debug|x64.Build.0 = Debug|x64
		{8A36C7B5-AA28-405C-AB44-C7A633B70B3C}.Debug|x86.ActiveCfg = Debug|x86
		{8A36C7B5-AA28-405C-AB44-C7A633B70B3C}.Debug|x86.Build.0 = Debug|x86
		{8A36C7B5-AA28-405C-AB44-C7A633B70B3C}.Release|Any CPU.ActiveCfg = Release|Any CPU
		{8A36C7B5-AA28-405C-AB44-C7A633B70B3C}.Release|Any CPU.Build.0 = Release|Any CPU
		{8A36C7B5-AA28-405C-AB44-C7A633B70B3C}.Release|ARM.ActiveCfg = Release|ARM
		{8A36C7B5-AA28-405C-AB44-C7A633B70B3C}.Release|ARM.Build.0 = Release|ARM
		{8A36C7B5-AA28-405C-AB44-C7A633B70B3C}.Release|ARM64.ActiveCfg = Release|ARM64
		{8A36C7B5-AA28-405C-AB44-C7A633B70B3C}.Release|ARM64.Build.0 = Release|ARM64
		{8A36C7B5-AA28-405C-AB44-C7A633B70B3C}.Release|x64.ActiveCfg = Release|x64
		{8A36C7B5-AA28-405C-AB44-C7A633B70B3C}.Release|x64.Build.0 = Release|x64
		{8A36C7B5-AA28-405C-AB44-C7A633B70B3C}.Release|x86.ActiveCfg = Release|x86
		{8A36C7B5-AA28-405C-AB44-C7A633B70B3C}.Release|x86.Build.0 = Release|x86
		{5AB9F0CC-3A85-42D5-971C-05DE6300E4BE}.Debug|Any CPU.ActiveCfg = Debug|Any CPU
		{5AB9F0CC-3A85-42D5-971C-05DE6300E4BE}.Debug|Any CPU.Build.0 = Debug|Any CPU
		{5AB9F0CC-3A85-42D5-971C-05DE6300E4BE}.Debug|ARM.ActiveCfg = Debug|ARM
		{5AB9F0CC-3A85-42D5-971C-05DE6300E4BE}.Debug|ARM.Build.0 = Debug|ARM
		{5AB9F0CC-3A85-42D5-971C-05DE6300E4BE}.Debug|ARM64.ActiveCfg = Debug|ARM64
		{5AB9F0CC-3A85-42D5-971C-05DE6300E4BE}.Debug|ARM64.Build.0 = Debug|ARM64
		{5AB9F0CC-3A85-42D5-971C-05DE6300E4BE}.Debug|x64.ActiveCfg = Debug|x64
		{5AB9F0CC-3A85-42D5-971C-05DE6300E4BE}.Debug|x64.Build.0 = Debug|x64
		{5AB9F0CC-3A85-42D5-971C-05DE6300E4BE}.Debug|x86.ActiveCfg = Debug|x86
		{5AB9F0CC-3A85-42D5-971C-05DE6300E4BE}.Debug|x86.Build.0 = Debug|x86
		{5AB9F0CC-3A85-42D5-971C-05DE6300E4BE}.Release|Any CPU.ActiveCfg = Release|Any CPU
		{5AB9F0CC-3A85-42D5-971C-05DE6300E4BE}.Release|Any CPU.Build.0 = Release|Any CPU
		{5AB9F0CC-3A85-42D5-971C-05DE6300E4BE}.Release|ARM.ActiveCfg = Release|ARM
		{5AB9F0CC-3A85-42D5-971C-05DE6300E4BE}.Release|ARM.Build.0 = Release|ARM
		{5AB9F0CC-3A85-42D5-971C-05DE6300E4BE}.Release|ARM64.ActiveCfg = Release|ARM64
		{5AB9F0CC-3A85-42D5-971C-05DE6300E4BE}.Release|ARM64.Build.0 = Release|ARM64
		{5AB9F0CC-3A85-42D5-971C-05DE6300E4BE}.Release|x64.ActiveCfg = Release|x64
		{5AB9F0CC-3A85-42D5-971C-05DE6300E4BE}.Release|x64.Build.0 = Release|x64
		{5AB9F0CC-3A85-42D5-971C-05DE6300E4BE}.Release|x86.ActiveCfg = Release|x86
		{5AB9F0CC-3A85-42D5-971C-05DE6300E4BE}.Release|x86.Build.0 = Release|x86
	EndGlobalSection
	GlobalSection(SolutionProperties) = preSolution
		HideSolutionNode = FALSE
	EndGlobalSection
	GlobalSection(ExtensibilityGlobals) = postSolution
		SolutionGuid = {3FEFE84E-3BB6-4669-B20A-49479D1F65AB}
	EndGlobalSection
EndGlobal
